{
  "nodes": {
    "devenv": {
      "locked": {
        "dir": "src/modules",
        "lastModified": 1783049965,
        "narHash": "sha256-z2QvrvE+gzLnpqfLpQA4aq2gAB4xn6C5q2o1l7GBMXU=",
        "owner": "cachix",
        "repo": "devenv",
        "rev": "afed7bf3240c70d2827569568d2c46c25a64db51",
        "type": "github"
      },
      "original": {
        "dir": "src/modules",
        "owner": "cachix",
        "repo": "devenv",
        "type": "github"
      }
    },
    "nixpkgs": {
      "locked": {
        "lastModified": 1783065464,
        "narHash": "sha256-eSSVEOca3GfaJcPit/e/dMWEUGtjh2X/mHMslfaBp2Y=",
        "owner": "NixOS",
        "repo": "nixpkgs",
        "rev": "da9bfa7f55ca6c04f645420445d82631662639cc",
        "type": "github"
      },
      "original": {
        "owner": "NixOS",
        "ref": "master",
        "repo": "nixpkgs",
        "type": "github"
      }
    },
    "root": {
      "inputs": {
        "devenv": "devenv",
        "nixpkgs": "nixpkgs"
      }
    }
  },
  "root": "root",
  "version": 7
}